
Microsoft Visual Studio Solution File, Format Version 12.00
# Visual Studio Version 16
VisualStudioVersion = 16.0.29519.87
MinimumVisualStudioVersion = 10.0.40219.1
Project("{FAE04EC0-301F-11D3-BF4B-00C04F79EFBC}") = "ConsoleApp1", "ConsoleApp1.csproj", "{4BD4BC6E-87D8-436F-9311-64CA05E4851A}"
EndProject
Global
	GlobalSection(SolutionConfigurationPlatforms) = preSolution
		Debug|Any CPU = Debug|Any CPU
		Release|Any CPU = Release|Any CPU
	EndGlobalSection
	GlobalSection(ProjectConfigurationPlatforms) = postSolution
		{4BD4BC6E-87D8-436F-9311-64CA05E4851A}.Debug|Any CPU.ActiveCfg = Debug|Any CPU
		{4BD4BC6E-87D8-436F-9311-64CA05E4851A}.Debug|Any CPU.Build.0 = Debug|Any CPU
		{4BD4BC6E-87D8-436F-9311-64CA05E4851A}.Release|Any CPU.ActiveCfg = Release|Any CPU
		{4BD4BC6E-87D8-436F-9311-64CA05E4851A}.Release|Any CPU.Build.0 = Release|Any CPU
	EndGlobalSection
	GlobalSection(SolutionProperties) = preSolution
		HideSolutionNode = FALSE
	EndGlobalSection
	GlobalSection(ExtensibilityGlobals) = postSolution
		SolutionGuid = {45D273A0-FFC3-4EB2-815F-32C0ADDD0255}
	EndGlobalSection
EndGlobal
